
Microsoft Visual Studio Solution File, Format Version 12.00
# Visual Studio Version 17
VisualStudioVersion = 17.0.31903.59
MinimumVisualStudioVersion = 10.0.40219.1
Project("{9A19103F-16F7-4668-BE54-9A1E7A4F7556}") = "AspNetCoreAngularPdfEditorDemo.Net9", "AspNetCoreAngularPdfEditorDemo.Net9.csproj", "{5ADBF676-E3D2-457A-9C2D-0A4F2F07F24F}"
EndProject
Global
	GlobalSection(SolutionConfigurationPlatforms) = preSolution
		Debug|Any CPU = Debug|Any CPU
		Release|Any CPU = Release|Any CPU
	EndGlobalSection
	GlobalSection(ProjectConfigurationPlatforms) = postSolution
		{5ADBF676-E3D2-457A-9C2D-0A4F2F07F24F}.Debug|Any CPU.ActiveCfg = Debug|Any CPU
		{5ADBF676-E3D2-457A-9C2D-0A4F2F07F24F}.Debug|Any CPU.Build.0 = Debug|Any CPU
		{5ADBF676-E3D2-457A-9C2D-0A4F2F07F24F}.Release|Any CPU.ActiveCfg = Release|Any CPU
		{5ADBF676-E3D2-457A-9C2D-0A4F2F07F24F}.Release|Any CPU.Build.0 = Release|Any CPU
	EndGlobalSection
	GlobalSection(SolutionProperties) = preSolution
		HideSolutionNode = FALSE
	EndGlobalSection
	GlobalSection(ExtensibilityGlobals) = postSolution
		SolutionGuid = {F324F94B-4C35-4D79-BF73-862B8F58C39A}
	EndGlobalSection
EndGlobal
